
Microsoft Visual Studio Solution File, Format Version 12.00
# Visual Studio Express 2012 for Web
Project("{FAE04EC0-301F-11D3-BF4B-00C04F79EFBC}") = "MvcClient", "MvcClient\MvcClient.csproj", "{3A47BD04-088A-4B6B-8D05-E5F9597ED4E3}"
EndProject
Global
	GlobalSection(SolutionConfigurationPlatforms) = preSolution
		Debug|Any CPU = Debug|Any CPU
		Release|Any CPU = Release|Any CPU
	EndGlobalSection
	GlobalSection(ProjectConfigurationPlatforms) = postSolution
		{3A47BD04-088A-4B6B-8D05-E5F9597ED4E3}.Debug|Any CPU.ActiveCfg = Debug|Any CPU
		{3A47BD04-088A-4B6B-8D05-E5F9597ED4E3}.Debug|Any CPU.Build.0 = Debug|Any CPU
		{3A47BD04-088A-4B6B-8D05-E5F9597ED4E3}.Release|Any CPU.ActiveCfg = Release|Any CPU
		{3A47BD04-088A-4B6B-8D05-E5F9597ED4E3}.Release|Any CPU.Build.0 = Release|Any CPU
	EndGlobalSection
	GlobalSection(SolutionProperties) = preSolution
		HideSolutionNode = FALSE
	EndGlobalSection
EndGlobal
