
Microsoft Visual Studio Solution File, Format Version 11.00
# Visual Web Developer Express 2010
Project("{FAE04EC0-301F-11D3-BF4B-00C04F79EFBC}") = "Arbiter", "Arbiter\Arbiter.csproj", "{64B5500E-1550-40E1-9D44-519557439D82}"
EndProject
Project("{FAE04EC0-301F-11D3-BF4B-00C04F79EFBC}") = "Observer", "Observer\Observer.csproj", "{80BABFC7-E9D5-4128-9C95-BE696106F504}"
EndProject
Project("{FAE04EC0-301F-11D3-BF4B-00C04F79EFBC}") = "Deploy", "Deploy\Deploy.csproj", "{F122F27E-4860-45C3-B73D-398D57798A06}"
EndProject
Project("{FAE04EC0-301F-11D3-BF4B-00C04F79EFBC}") = "Configuration", "Configuration\Configuration.csproj", "{4EB4ECFD-4CEE-4C26-89AD-0ECBE93AC438}"
EndProject
Project("{FAE04EC0-301F-11D3-BF4B-00C04F79EFBC}") = "Logger", "Logger\Logger.csproj", "{3F68926B-01B4-4FF2-B71B-096910016015}"
EndProject
Project("{FAE04EC0-301F-11D3-BF4B-00C04F79EFBC}") = "Analytics", "Analytics\Analytics.csproj", "{C71EE382-D716-4FB3-9644-CA0A51C64636}"
EndProject
Global
	GlobalSection(SolutionConfigurationPlatforms) = preSolution
		Debug|Any CPU = Debug|Any CPU
		Release|Any CPU = Release|Any CPU
	EndGlobalSection
	GlobalSection(ProjectConfigurationPlatforms) = postSolution
		{64B5500E-1550-40E1-9D44-519557439D82}.Debug|Any CPU.ActiveCfg = Debug|Any CPU
		{64B5500E-1550-40E1-9D44-519557439D82}.Debug|Any CPU.Build.0 = Debug|Any CPU
		{64B5500E-1550-40E1-9D44-519557439D82}.Release|Any CPU.ActiveCfg = Release|Any CPU
		{64B5500E-1550-40E1-9D44-519557439D82}.Release|Any CPU.Build.0 = Release|Any CPU
		{80BABFC7-E9D5-4128-9C95-BE696106F504}.Debug|Any CPU.ActiveCfg = Debug|Any CPU
		{80BABFC7-E9D5-4128-9C95-BE696106F504}.Debug|Any CPU.Build.0 = Debug|Any CPU
		{80BABFC7-E9D5-4128-9C95-BE696106F504}.Release|Any CPU.ActiveCfg = Release|Any CPU
		{80BABFC7-E9D5-4128-9C95-BE696106F504}.Release|Any CPU.Build.0 = Release|Any CPU
		{F122F27E-4860-45C3-B73D-398D57798A06}.Debug|Any CPU.ActiveCfg = Debug|Any CPU
		{F122F27E-4860-45C3-B73D-398D57798A06}.Debug|Any CPU.Build.0 = Debug|Any CPU
		{F122F27E-4860-45C3-B73D-398D57798A06}.Release|Any CPU.ActiveCfg = Release|Any CPU
		{F122F27E-4860-45C3-B73D-398D57798A06}.Release|Any CPU.Build.0 = Release|Any CPU
		{4EB4ECFD-4CEE-4C26-89AD-0ECBE93AC438}.Debug|Any CPU.ActiveCfg = Debug|Any CPU
		{4EB4ECFD-4CEE-4C26-89AD-0ECBE93AC438}.Debug|Any CPU.Build.0 = Debug|Any CPU
		{4EB4ECFD-4CEE-4C26-89AD-0ECBE93AC438}.Release|Any CPU.ActiveCfg = Release|Any CPU
		{4EB4ECFD-4CEE-4C26-89AD-0ECBE93AC438}.Release|Any CPU.Build.0 = Release|Any CPU
		{3F68926B-01B4-4FF2-B71B-096910016015}.Debug|Any CPU.ActiveCfg = Debug|Any CPU
		{3F68926B-01B4-4FF2-B71B-096910016015}.Debug|Any CPU.Build.0 = Debug|Any CPU
		{3F68926B-01B4-4FF2-B71B-096910016015}.Release|Any CPU.ActiveCfg = Release|Any CPU
		{3F68926B-01B4-4FF2-B71B-096910016015}.Release|Any CPU.Build.0 = Release|Any CPU
		{C71EE382-D716-4FB3-9644-CA0A51C64636}.Debug|Any CPU.ActiveCfg = Debug|Any CPU
		{C71EE382-D716-4FB3-9644-CA0A51C64636}.Debug|Any CPU.Build.0 = Debug|Any CPU
		{C71EE382-D716-4FB3-9644-CA0A51C64636}.Release|Any CPU.ActiveCfg = Release|Any CPU
		{C71EE382-D716-4FB3-9644-CA0A51C64636}.Release|Any CPU.Build.0 = Release|Any CPU
	EndGlobalSection
	GlobalSection(SolutionProperties) = preSolution
		HideSolutionNode = FALSE
	EndGlobalSection
EndGlobal
