
Microsoft Visual Studio Solution File, Format Version 12.00
# Visual Studio Express 2012 for Web
Project("{FAE04EC0-301F-11D3-BF4B-00C04F79EFBC}") = "Arbiter", "Arbiter\Arbiter.csproj", "{FC5FE206-5457-4F70-8099-50079CFB15A1}"
	ProjectSection(ProjectDependencies) = postProject
		{148E5FEB-4E18-415A-913C-C2344D2FF235} = {148E5FEB-4E18-415A-913C-C2344D2FF235}
	EndProjectSection
EndProject
Project("{FAE04EC0-301F-11D3-BF4B-00C04F79EFBC}") = "Deploy", "Deploy\Deploy.csproj", "{F7583052-2E5A-4128-8843-0E7883D797FD}"
EndProject
Project("{FAE04EC0-301F-11D3-BF4B-00C04F79EFBC}") = "Observer", "Observer\Observer.csproj", "{148E5FEB-4E18-415A-913C-C2344D2FF235}"
EndProject
Project("{FAE04EC0-301F-11D3-BF4B-00C04F79EFBC}") = "Logger", "Logger\Logger.csproj", "{80D32FBE-DB84-403D-98D6-7B3532E65BAB}"
EndProject
Project("{FAE04EC0-301F-11D3-BF4B-00C04F79EFBC}") = "Configuration", "Configuration\Configuration.csproj", "{69AD34FA-0812-459E-B880-D2A225B46BA9}"
EndProject
Project("{FAE04EC0-301F-11D3-BF4B-00C04F79EFBC}") = "Analytics", "Analytics\Analytics.csproj", "{8D8BA417-8FC9-4BF4-BB4F-FC825C3B7E3C}"
EndProject
Project("{FAE04EC0-301F-11D3-BF4B-00C04F79EFBC}") = "MvcClient", "..\Clients\MvcClient\MvcClient.csproj", "{39755D7F-2EE2-4680-8AF4-8340E611FF12}"
EndProject
Global
	GlobalSection(SolutionConfigurationPlatforms) = preSolution
		Debug|Any CPU = Debug|Any CPU
		Release|Any CPU = Release|Any CPU
	EndGlobalSection
	GlobalSection(ProjectConfigurationPlatforms) = postSolution
		{FC5FE206-5457-4F70-8099-50079CFB15A1}.Debug|Any CPU.ActiveCfg = Debug|Any CPU
		{FC5FE206-5457-4F70-8099-50079CFB15A1}.Debug|Any CPU.Build.0 = Debug|Any CPU
		{FC5FE206-5457-4F70-8099-50079CFB15A1}.Release|Any CPU.ActiveCfg = Release|Any CPU
		{FC5FE206-5457-4F70-8099-50079CFB15A1}.Release|Any CPU.Build.0 = Release|Any CPU
		{F7583052-2E5A-4128-8843-0E7883D797FD}.Debug|Any CPU.ActiveCfg = Debug|Any CPU
		{F7583052-2E5A-4128-8843-0E7883D797FD}.Debug|Any CPU.Build.0 = Debug|Any CPU
		{F7583052-2E5A-4128-8843-0E7883D797FD}.Release|Any CPU.ActiveCfg = Release|Any CPU
		{F7583052-2E5A-4128-8843-0E7883D797FD}.Release|Any CPU.Build.0 = Release|Any CPU
		{148E5FEB-4E18-415A-913C-C2344D2FF235}.Debug|Any CPU.ActiveCfg = Debug|Any CPU
		{148E5FEB-4E18-415A-913C-C2344D2FF235}.Debug|Any CPU.Build.0 = Debug|Any CPU
		{148E5FEB-4E18-415A-913C-C2344D2FF235}.Release|Any CPU.ActiveCfg = Release|Any CPU
		{148E5FEB-4E18-415A-913C-C2344D2FF235}.Release|Any CPU.Build.0 = Release|Any CPU
		{80D32FBE-DB84-403D-98D6-7B3532E65BAB}.Debug|Any CPU.ActiveCfg = Debug|Any CPU
		{80D32FBE-DB84-403D-98D6-7B3532E65BAB}.Debug|Any CPU.Build.0 = Debug|Any CPU
		{80D32FBE-DB84-403D-98D6-7B3532E65BAB}.Release|Any CPU.ActiveCfg = Release|Any CPU
		{80D32FBE-DB84-403D-98D6-7B3532E65BAB}.Release|Any CPU.Build.0 = Release|Any CPU
		{69AD34FA-0812-459E-B880-D2A225B46BA9}.Debug|Any CPU.ActiveCfg = Debug|Any CPU
		{69AD34FA-0812-459E-B880-D2A225B46BA9}.Debug|Any CPU.Build.0 = Debug|Any CPU
		{69AD34FA-0812-459E-B880-D2A225B46BA9}.Release|Any CPU.ActiveCfg = Release|Any CPU
		{69AD34FA-0812-459E-B880-D2A225B46BA9}.Release|Any CPU.Build.0 = Release|Any CPU
		{8D8BA417-8FC9-4BF4-BB4F-FC825C3B7E3C}.Debug|Any CPU.ActiveCfg = Debug|Any CPU
		{8D8BA417-8FC9-4BF4-BB4F-FC825C3B7E3C}.Debug|Any CPU.Build.0 = Debug|Any CPU
		{8D8BA417-8FC9-4BF4-BB4F-FC825C3B7E3C}.Release|Any CPU.ActiveCfg = Release|Any CPU
		{8D8BA417-8FC9-4BF4-BB4F-FC825C3B7E3C}.Release|Any CPU.Build.0 = Release|Any CPU
		{39755D7F-2EE2-4680-8AF4-8340E611FF12}.Debug|Any CPU.ActiveCfg = Debug|Any CPU
		{39755D7F-2EE2-4680-8AF4-8340E611FF12}.Debug|Any CPU.Build.0 = Debug|Any CPU
		{39755D7F-2EE2-4680-8AF4-8340E611FF12}.Release|Any CPU.ActiveCfg = Release|Any CPU
		{39755D7F-2EE2-4680-8AF4-8340E611FF12}.Release|Any CPU.Build.0 = Release|Any CPU
	EndGlobalSection
	GlobalSection(SolutionProperties) = preSolution
		HideSolutionNode = FALSE
	EndGlobalSection
EndGlobal
